// !$*UTF8*$!
{
	archiveVersion = 1;
	classes = {
	};
	objectVersion = 50;
	objects = {

/* Begin PBXBuildFile section */
		9473ABD2223D2F5C008F5F1E /* AppDelegate.swift in Sources */ = {isa = PBXBuildFile; fileRef = 9473ABD1223D2F5C008F5F1E /* AppDelegate.swift */; };
		9473ABD4223D2F5C008F5F1E /* ViewController.swift in Sources */ = {isa = PBXBuildFile; fileRef = 9473ABD3223D2F5C008F5F1E /* ViewController.swift */; };
		9473ABD7223D2F5C008F5F1E /* Main.storyboard in Resources */ = {isa = PBXBuildFile; fileRef = 9473ABD5223D2F5C008F5F1E /* Main.storyboard */; };
		9473ABD9223D2F63008F5F1E /* Assets.xcassets in Resources */ = {isa = PBXBuildFile; fileRef = 9473ABD8223D2F63008F5F1E /* Assets.xcassets */; };
		9473ABDC223D2F63008F5F1E /* LaunchScreen.storyboard in Resources */ = {isa = PBXBuildFile; fileRef = 9473ABDA223D2F63008F5F1E /* LaunchScreen.storyboard */; };
		9473ABE7223D2F64008F5F1E /* ToDoListTests.swift in Sources */ = {isa = PBXBuildFile; fileRef = 9473ABE6223D2F64008F5F1E /* ToDoListTests.swift */; };
		9473ABF2223D2F64008F5F1E /* ToDoListUITests.swift in Sources */ = {isa = PBXBuildFile; fileRef = 9473ABF1223D2F64008F5F1E /* ToDoListUITests.swift */; };
/* End PBXBuildFile section */

/* Begin PBXContainerItemProxy section */
		9473ABE3223D2F64008F5F1E /* PBXContainerItemProxy */ = {
			isa = PBXContainerItemProxy;
			containerPortal = 9473ABC6223D2F5C008F5F1E /* Project object */;
			proxyType = 1;
			remoteGlobalIDString = 9473ABCD223D2F5C008F5F1E;
			remoteInfo = ToDoList;
		};
		9473ABEE223D2F64008F5F1E /* PBXContainerItemProxy */ = {
			isa = PBXContainerItemProxy;
			containerPortal = 9473ABC6223D2F5C008F5F1E /* Project object */;
			proxyType = 1;
			remoteGlobalIDString = 9473ABCD223D2F5C008F5F1E;
			remoteInfo = ToDoList;
		};
/* End PBXContainerItemProxy section */

/* Begin PBXFileReference section */
		9473ABCE223D2F5C008F5F1E /* ToDoList.app */ = {isa = PBXFileReference; explicitFileType = wrapper.application; includeInIndex = 0; path = ToDoList.app; sourceTree = BUILT_PRODUCTS_DIR; };
		9473ABD1223D2F5C008F5F1E /* AppDelegate.swift */ = {isa = PBXFileReference; lastKnownFileType = sourcecode.swift; path = AppDelegate.swift; sourceTree = "<group>"; };
		9473ABD3223D2F5C008F5F1E /* ViewController.swift */ = {isa = PBXFileReference; lastKnownFileType = sourcecode.swift; path = ViewController.swift; sourceTree = "<group>"; };
		9473ABD6223D2F5C008F5F1E /* Base */ = {isa = PBXFileReference; lastKnownFileType = file.storyboard; name = Base; path = Base.lproj/Main.storyboard; sourceTree = "<group>"; };
		9473ABD8223D2F63008F5F1E /* Assets.xcassets */ = {isa = PBXFileReference; lastKnownFileType = folder.assetcatalog; path = Assets.xcassets; sourceTree = "<group>"; };
		9473ABDB223D2F63008F5F1E /* Base */ = {isa = PBXFileReference; lastKnownFileType = file.storyboard; name = Base; path = Base.lproj/LaunchScreen.storyboard; sourceTree = "<group>"; };
		9473ABDD223D2F63008F5F1E /* Info.plist */ = {isa = PBXFileReference; lastKnownFileType = text.plist.xml; path = Info.plist; sourceTree = "<group>"; };
		9473ABE2223D2F64008F5F1E /* ToDoListTests.xctest */ = {isa = PBXFileReference; explicitFileType = wrapper.cfbundle; includeInIndex = 0; path = ToDoListTests.xctest; sourceTree = BUILT_PRODUCTS_DIR; };
		9473ABE6223D2F64008F5F1E /* ToDoListTests.swift */ = {isa = PBXFileReference; lastKnownFileType = sourcecode.swift; path = ToDoListTests.swift; sourceTree = "<group>"; };
		9473ABE8223D2F64008F5F1E /* Info.plist */ = {isa = PBXFileReference; lastKnownFileType = text.plist.xml; path = Info.plist; sourceTree = "<group>"; };
		9473ABED223D2F64008F5F1E /* ToDoListUITests.xctest */ = {isa = PBXFileReference; explicitFileType = wrapper.cfbundle; includeInIndex = 0; path = ToDoListUITests.xctest; sourceTree = BUILT_PRODUCTS_DIR; };
		9473ABF1223D2F64008F5F1E /* ToDoListUITests.swift */ = {isa = PBXFileReference; lastKnownFileType = sourcecode.swift; path = ToDoListUITests.swift; sourceTree = "<group>"; };
		9473ABF3223D2F64008F5F1E /* Info.plist */ = {isa = PBXFileReference; lastKnownFileType = text.plist.xml; path = Info.plist; sourceTree = "<group>"; };
/* End PBXFileReference section */

/* Begin PBXFrameworksBuildPhase section */
		9473ABCB223D2F5C008F5F1E /* Frameworks */ = {
			isa = PBXFrameworksBuildPhase;
			buildActionMask = 2147483647;
			files = (
			);
			runOnlyForDeploymentPostprocessing = 0;
		};
		9473ABDF223D2F64008F5F1E /* Frameworks */ = {
			isa = PBXFrameworksBuildPhase;
			buildActionMask = 2147483647;
			files = (
			);
			runOnlyForDeploymentPostprocessing = 0;
		};
		9473ABEA223D2F64008F5F1E /* Frameworks */ = {
			isa = PBXFrameworksBuildPhase;
			buildActionMask = 2147483647;
			files = (
			);
			runOnlyForDeploymentPostprocessing = 0;
		};
/* End PBXFrameworksBuildPhase section */

/* Begin PBXGroup section */
		9473ABC5223D2F5C008F5F1E = {
			isa = PBXGroup;
			children = (
				9473ABD0223D2F5C008F5F1E /* ToDoList */,
				9473ABE5223D2F64008F5F1E /* ToDoListTests */,
				9473ABF0223D2F64008F5F1E /* ToDoListUITests */,
				9473ABCF223D2F5C008F5F1E /* Products */,
			);
			sourceTree = "<group>";
		};
		9473ABCF223D2F5C008F5F1E /* Products */ = {
			isa = PBXGroup;
			children = (
				9473ABCE223D2F5C008F5F1E /* ToDoList.app */,
				9473ABE2223D2F64008F5F1E /* ToDoListTests.xctest */,
				9473ABED223D2F64008F5F1E /* ToDoListUITests.xctest */,
			);
			name = Products;
			sourceTree = "<group>";
		};
		9473ABD0223D2F5C008F5F1E /* ToDoList */ = {
			isa = PBXGroup;
			children = (
				9473ABD1223D2F5C008F5F1E /* AppDelegate.swift */,
				9473ABD3223D2F5C008F5F1E /* ViewController.swift */,
				9473ABD5223D2F5C008F5F1E /* Main.storyboard */,
				9473ABD8223D2F63008F5F1E /* Assets.xcassets */,
				9473ABDA223D2F63008F5F1E /* LaunchScreen.storyboard */,
				9473ABDD223D2F63008F5F1E /* Info.plist */,
			);
			path = ToDoList;
			sourceTree = "<group>";
		};
		9473ABE5223D2F64008F5F1E /* ToDoListTests */ = {
			isa = PBXGroup;
			children = (
				9473ABE6223D2F64008F5F1E /* ToDoListTests.swift */,
				9473ABE8223D2F64008F5F1E /* Info.plist */,
			);
			path = ToDoListTests;
			sourceTree = "<group>";
		};
		9473ABF0223D2F64008F5F1E /* ToDoListUITests */ = {
			isa = PBXGroup;
			children = (
				9473ABF1223D2F64008F5F1E /* ToDoListUITests.swift */,
				9473ABF3223D2F64008F5F1E /* Info.plist */,
			);
			path = ToDoListUITests;
			sourceTree = "<group>";
		};
/* End PBXGroup section */

/* Begin PBXNativeTarget section */
		9473ABCD223D2F5C008F5F1E /* ToDoList */ = {
			isa = PBXNativeTarget;
			buildConfigurationList = 9473ABF6223D2F64008F5F1E /* Build configuration list for PBXNativeTarget "ToDoList" */;
			buildPhases = (
				9473ABCA223D2F5C008F5F1E /* Sources */,
				9473ABCB223D2F5C008F5F1E /* Frameworks */,
				9473ABCC223D2F5C008F5F1E /* Resources */,
			);
			buildRules = (
			);
			dependencies = (
			);
			name = ToDoList;
			productName = ToDoList;
			productReference = 9473ABCE223D2F5C008F5F1E /* ToDoList.app */;
			productType = "com.apple.product-type.application";
		};
		9473ABE1223D2F64008F5F1E /* ToDoListTests */ = {
			isa = PBXNativeTarget;
			buildConfigurationList = 9473ABF9223D2F64008F5F1E /* Build configuration list for PBXNativeTarget "ToDoListTests" */;
			buildPhases = (
				9473ABDE223D2F64008F5F1E /* Sources */,
				9473ABDF223D2F64008F5F1E /* Frameworks */,
				9473ABE0223D2F64008F5F1E /* Resources */,
			);
			buildRules = (
			);
			dependencies = (
				9473ABE4223D2F64008F5F1E /* PBXTargetDependency */,
			);
			name = ToDoListTests;
			productName = ToDoListTests;
			productReference = 9473ABE2223D2F64008F5F1E /* ToDoListTests.xctest */;
			productType = "com.apple.product-type.bundle.unit-test";
		};
		9473ABEC223D2F64008F5F1E /* ToDoListUITests */ = {
			isa = PBXNativeTarget;
			buildConfigurationList = 9473ABFC223D2F64008F5F1E /* Build configuration list for PBXNativeTarget "ToDoListUITests" */;
			buildPhases = (
				9473ABE9223D2F64008F5F1E /* Sources */,
				9473ABEA223D2F64008F5F1E /* Frameworks */,
				9473ABEB223D2F64008F5F1E /* Resources */,
			);
			buildRules = (
			);
			dependencies = (
				9473ABEF223D2F64008F5F1E /* PBXTargetDependency */,
			);
			name = ToDoListUITests;
			productName = ToDoListUITests;
			productReference = 9473ABED223D2F64008F5F1E /* ToDoListUITests.xctest */;
			productType = "com.apple.product-type.bundle.ui-testing";
		};
/* End PBXNativeTarget section */

/* Begin PBXProject section */
		9473ABC6223D2F5C008F5F1E /* Project object */ = {
			isa = PBXProject;
			attributes = {
				LastSwiftUpdateCheck = 1010;
				LastUpgradeCheck = 1010;
				ORGANIZATIONNAME = Ksenia;
				TargetAttributes = {
					9473ABCD223D2F5C008F5F1E = {
						CreatedOnToolsVersion = 10.1;
					};
					9473ABE1223D2F64008F5F1E = {
						CreatedOnToolsVersion = 10.1;
						TestTargetID = 9473ABCD223D2F5C008F5F1E;
					};
					9473ABEC223D2F64008F5F1E = {
						CreatedOnToolsVersion = 10.1;
						TestTargetID = 9473ABCD223D2F5C008F5F1E;
					};
				};
			};
			buildConfigurationList = 9473ABC9223D2F5C008F5F1E /* Build configuration list for PBXProject "ToDoList" */;
			compatibilityVersion = "Xcode 9.3";
			developmentRegion = en;
			hasScannedForEncodings = 0;
			knownRegions = (
				en,
				Base,
			);
			mainGroup = 9473ABC5223D2F5C008F5F1E;
			productRefGroup = 9473ABCF223D2F5C008F5F1E /* Products */;
			projectDirPath = "";
			projectRoot = "";
			targets = (
				9473ABCD223D2F5C008F5F1E /* ToDoList */,
				9473ABE1223D2F64008F5F1E /* ToDoListTests */,
				9473ABEC223D2F64008F5F1E /* ToDoListUITests */,
			);
		};
/* End PBXProject section */

/* Begin PBXResourcesBuildPhase section */
		9473ABCC223D2F5C008F5F1E /* Resources */ = {
			isa = PBXResourcesBuildPhase;
			buildActionMask = 2147483647;
			files = (
				9473ABDC223D2F63008F5F1E /* LaunchScreen.storyboard in Resources */,
				9473ABD9223D2F63008F5F1E /* Assets.xcassets in Resources */,
				9473ABD7223D2F5C008F5F1E /* Main.storyboard in Resources */,
			);
			runOnlyForDeploymentPostprocessing = 0;
		};
		9473ABE0223D2F64008F5F1E /* Resources */ = {
			isa = PBXResourcesBuildPhase;
			buildActionMask = 2147483647;
			files = (
			);
			runOnlyForDeploymentPostprocessing = 0;
		};
		9473ABEB223D2F64008F5F1E /* Resources */ = {
			isa = PBXResourcesBuildPhase;
			buildActionMask = 2147483647;
			files = (
			);
			runOnlyForDeploymentPostprocessing = 0;
		};
/* End PBXResourcesBuildPhase section */

/* Begin PBXSourcesBuildPhase section */
		9473ABCA223D2F5C008F5F1E /* Sources */ = {
			isa = PBXSourcesBuildPhase;
			buildActionMask = 2147483647;
			files = (
				9473ABD4223D2F5C008F5F1E /* ViewController.swift in Sources */,
				9473ABD2223D2F5C008F5F1E /* AppDelegate.swift in Sources */,
			);
			runOnlyForDeploymentPostprocessing = 0;
		};
		9473ABDE223D2F64008F5F1E /* Sources */ = {
			isa = PBXSourcesBuildPhase;
			buildActionMask = 2147483647;
			files = (
				9473ABE7223D2F64008F5F1E /* ToDoListTests.swift in Sources */,
			);
			runOnlyForDeploymentPostprocessing = 0;
		};
		9473ABE9223D2F64008F5F1E /* Sources */ = {
			isa = PBXSourcesBuildPhase;
			buildActionMask = 2147483647;
			files = (
				9473ABF2223D2F64008F5F1E /* ToDoListUITests.swift in Sources */,
			);
			runOnlyForDeploymentPostprocessing = 0;
		};
/* End PBXSourcesBuildPhase section */

/* Begin PBXTargetDependency section */
		9473ABE4223D2F64008F5F1E /* PBXTargetDependency */ = {
			isa = PBXTargetDependency;
			target = 9473ABCD223D2F5C008F5F1E /* ToDoList */;
			targetProxy = 9473ABE3223D2F64008F5F1E /* PBXContainerItemProxy */;
		};
		9473ABEF223D2F64008F5F1E /* PBXTargetDependency */ = {
			isa = PBXTargetDependency;
			target = 9473ABCD223D2F5C008F5F1E /* ToDoList */;
			targetProxy = 9473ABEE223D2F64008F5F1E /* PBXContainerItemProxy */;
		};
/* End PBXTargetDependency section */

/* Begin PBXVariantGroup section */
		9473ABD5223D2F5C008F5F1E /* Main.storyboard */ = {
			isa = PBXVariantGroup;
			children = (
				9473ABD6223D2F5C008F5F1E /* Base */,
			);
			name = Main.storyboard;
			sourceTree = "<group>";
		};
		9473ABDA223D2F63008F5F1E /* LaunchScreen.storyboard */ = {
			isa = PBXVariantGroup;
			children = (
				9473ABDB223D2F63008F5F1E /* Base */,
			);
			name = LaunchScreen.storyboard;
			sourceTree = "<group>";
		};
/* End PBXVariantGroup section */

/* Begin XCBuildConfiguration section */
		9473ABF4223D2F64008F5F1E /* Debug */ = {
			isa = XCBuildConfiguration;
			buildSettings = {
				ALWAYS_SEARCH_USER_PATHS = NO;
				CLANG_ANALYZER_NONNULL = YES;
				CLANG_ANALYZER_NUMBER_OBJECT_CONVERSION = YES_AGGRESSIVE;
				CLANG_CXX_LANGUAGE_STANDARD = "gnu++14";
				CLANG_CXX_LIBRARY = "libc++";
				CLANG_ENABLE_MODULES = YES;
				CLANG_ENABLE_OBJC_ARC = YES;
				CLANG_ENABLE_OBJC_WEAK = YES;
				CLANG_WARN_BLOCK_CAPTURE_AUTORELEASING = YES;
				CLANG_WARN_BOOL_CONVERSION = YES;
				CLANG_WARN_COMMA = YES;
				CLANG_WARN_CONSTANT_CONVERSION = YES;
				CLANG_WARN_DEPRECATED_OBJC_IMPLEMENTATIONS = YES;
				CLANG_WARN_DIRECT_OBJC_ISA_USAGE = YES_ERROR;
				CLANG_WARN_DOCUMENTATION_COMMENTS = YES;
				CLANG_WARN_EMPTY_BODY = YES;
				CLANG_WARN_ENUM_CONVERSION = YES;
				CLANG_WARN_INFINITE_RECURSION = YES;
				CLANG_WARN_INT_CONVERSION = YES;
				CLANG_WARN_NON_LITERAL_NULL_CONVERSION = YES;
				CLANG_WARN_OBJC_IMPLICIT_RETAIN_SELF = YES;
				CLANG_WARN_OBJC_LITERAL_CONVERSION = YES;
				CLANG_WARN_OBJC_ROOT_CLASS = YES_ERROR;
				CLANG_WARN_RANGE_LOOP_ANALYSIS = YES;
				CLANG_WARN_STRICT_PROTOTYPES = YES;
				CLANG_WARN_SUSPICIOUS_MOVE = YES;
				CLANG_WARN_UNGUARDED_AVAILABILITY = YES_AGGRESSIVE;
				CLANG_WARN_UNREACHABLE_CODE = YES;
				CLANG_WARN__DUPLICATE_METHOD_MATCH = YES;
				CODE_SIGN_IDENTITY = "iPhone Developer";
				COPY_PHASE_STRIP = NO;
				DEBUG_INFORMATION_FORMAT = dwarf;
				ENABLE_STRICT_OBJC_MSGSEND = YES;
				ENABLE_TESTABILITY = YES;
				GCC_C_LANGUAGE_STANDARD = gnu11;
				GCC_DYNAMIC_NO_PIC = NO;
				GCC_NO_COMMON_BLOCKS = YES;
				GCC_OPTIMIZATION_LEVEL = 0;
				GCC_PREPROCESSOR_DEFINITIONS = (
					"DEBUG=1",
					"$(inherited)",
				);
				GCC_WARN_64_TO_32_BIT_CONVERSION = YES;
				GCC_WARN_ABOUT_RETURN_TYPE = YES_ERROR;
				GCC_WARN_UNDECLARED_SELECTOR = YES;
				GCC_WARN_UNINITIALIZED_AUTOS = YES_AGGRESSIVE;
				GCC_WARN_UNUSED_FUNCTION = YES;
				GCC_WARN_UNUSED_VARIABLE = YES;
				IPHONEOS_DEPLOYMENT_TARGET = 12.1;
				MTL_ENABLE_DEBUG_INFO = INCLUDE_SOURCE;
				MTL_FAST_MATH = YES;
				ONLY_ACTIVE_ARCH = YES;
				SDKROOT = iphoneos;
				SWIFT_ACTIVE_COMPILATION_CONDITIONS = DEBUG;
				SWIFT_OPTIMIZATION_LEVEL = "-Onone";
			};
			name = Debug;
		};
		9473ABF5223D2F64008F5F1E /* Release */ = {
			isa = XCBuildConfiguration;
			buildSettings = {
				ALWAYS_SEARCH_USER_PATHS = NO;
				CLANG_ANALYZER_NONNULL = YES;
				CLANG_ANALYZER_NUMBER_OBJECT_CONVERSION = YES_AGGRESSIVE;
				CLANG_CXX_LANGUAGE_STANDARD = "gnu++14";
				CLANG_CXX_LIBRARY = "libc++";
				CLANG_ENABLE_MODULES = YES;
				CLANG_ENABLE_OBJC_ARC = YES;
				CLANG_ENABLE_OBJC_WEAK = YES;
				CLANG_WARN_BLOCK_CAPTURE_AUTORELEASING = YES;
				CLANG_WARN_BOOL_CONVERSION = YES;
				CLANG_WARN_COMMA = YES;
				CLANG_WARN_CONSTANT_CONVERSION = YES;
				CLANG_WARN_DEPRECATED_OBJC_IMPLEMENTATIONS = YES;
				CLANG_WARN_DIRECT_OBJC_ISA_USAGE = YES_ERROR;
				CLANG_WARN_DOCUMENTATION_COMMENTS = YES;
				CLANG_WARN_EMPTY_BODY = YES;
				CLANG_WARN_ENUM_CONVERSION = YES;
				CLANG_WARN_INFINITE_RECURSION = YES;
				CLANG_WARN_INT_CONVERSION = YES;
				CLANG_WARN_NON_LITERAL_NULL_CONVERSION = YES;
				CLANG_WARN_OBJC_IMPLICIT_RETAIN_SELF = YES;
				CLANG_WARN_OBJC_LITERAL_CONVERSION = YES;
				CLANG_WARN_OBJC_ROOT_CLASS = YES_ERROR;
				CLANG_WARN_RANGE_LOOP_ANALYSIS = YES;
				CLANG_WARN_STRICT_PROTOTYPES = YES;
				CLANG_WARN_SUSPICIOUS_MOVE = YES;
				CLANG_WARN_UNGUARDED_AVAILABILITY = YES_AGGRESSIVE;
				CLANG_WARN_UNREACHABLE_CODE = YES;
				CLANG_WARN__DUPLICATE_METHOD_MATCH = YES;
				CODE_SIGN_IDENTITY = "iPhone Developer";
				COPY_PHASE_STRIP = NO;
				DEBUG_INFORMATION_FORMAT = "dwarf-with-dsym";
				ENABLE_NS_ASSERTIONS = NO;
				ENABLE_STRICT_OBJC_MSGSEND = YES;
				GCC_C_LANGUAGE_STANDARD = gnu11;
				GCC_NO_COMMON_BLOCKS = YES;
				GCC_WARN_64_TO_32_BIT_CONVERSION = YES;
				GCC_WARN_ABOUT_RETURN_TYPE = YES_ERROR;
				GCC_WARN_UNDECLARED_SELECTOR = YES;
				GCC_WARN_UNINITIALIZED_AUTOS = YES_AGGRESSIVE;
				GCC_WARN_UNUSED_FUNCTION = YES;
				GCC_WARN_UNUSED_VARIABLE = YES;
				IPHONEOS_DEPLOYMENT_TARGET = 12.1;
				MTL_ENABLE_DEBUG_INFO = NO;
				MTL_FAST_MATH = YES;
				SDKROOT = iphoneos;
				SWIFT_COMPILATION_MODE = wholemodule;
				SWIFT_OPTIMIZATION_LEVEL = "-O";
				VALIDATE_PRODUCT = YES;
			};
			name = Release;
		};
		9473ABF7223D2F64008F5F1E /* Debug */ = {
			isa = XCBuildConfiguration;
			buildSettings = {
				ASSETCATALOG_COMPILER_APPICON_NAME = AppIcon;
				CODE_SIGN_STYLE = Automatic;
				INFOPLIST_FILE = ToDoList/Info.plist;
				LD_RUNPATH_SEARCH_PATHS = (
					"$(inherited)",
					"@executable_path/Frameworks",
				);
				PRODUCT_BUNDLE_IDENTIFIER = hi.ToDoList;
				PRODUCT_NAME = "$(TARGET_NAME)";
				SWIFT_VERSION = 4.2;
				TARGETED_DEVICE_FAMILY = "1,2";
			};
			name = Debug;
		};
		9473ABF8223D2F64008F5F1E /* Release */ = {
			isa = XCBuildConfiguration;
			buildSettings = {
				ASSETCATALOG_COMPILER_APPICON_NAME = AppIcon;
				CODE_SIGN_STYLE = Automatic;
				INFOPLIST_FILE = ToDoList/Info.plist;
				LD_RUNPATH_SEARCH_PATHS = (
					"$(inherited)",
					"@executable_path/Frameworks",
				);
				PRODUCT_BUNDLE_IDENTIFIER = hi.ToDoList;
				PRODUCT_NAME = "$(TARGET_NAME)";
				SWIFT_VERSION = 4.2;
				TARGETED_DEVICE_FAMILY = "1,2";
			};
			name = Release;
		};
		9473ABFA223D2F64008F5F1E /* Debug */ = {
			isa = XCBuildConfiguration;
			buildSettings = {
				ALWAYS_EMBED_SWIFT_STANDARD_LIBRARIES = YES;
				BUNDLE_LOADER = "$(TEST_HOST)";
				CODE_SIGN_STYLE = Automatic;
				INFOPLIST_FILE = ToDoListTests/Info.plist;
				LD_RUNPATH_SEARCH_PATHS = (
					"$(inherited)",
					"@executable_path/Frameworks",
					"@loader_path/Frameworks",
				);
				PRODUCT_BUNDLE_IDENTIFIER = hi.ToDoListTests;
				PRODUCT_NAME = "$(TARGET_NAME)";
				SWIFT_VERSION = 4.2;
				TARGETED_DEVICE_FAMILY = "1,2";
				TEST_HOST = "$(BUILT_PRODUCTS_DIR)/ToDoList.app/ToDoList";
			};
			name = Debug;
		};
		9473ABFB223D2F64008F5F1E /* Release */ = {
			isa = XCBuildConfiguration;
			buildSettings = {
				ALWAYS_EMBED_SWIFT_STANDARD_LIBRARIES = YES;
				BUNDLE_LOADER = "$(TEST_HOST)";
				CODE_SIGN_STYLE = Automatic;
				INFOPLIST_FILE = ToDoListTests/Info.plist;
				LD_RUNPATH_SEARCH_PATHS = (
					"$(inherited)",
					"@executable_path/Frameworks",
					"@loader_path/Frameworks",
				);
				PRODUCT_BUNDLE_IDENTIFIER = hi.ToDoListTests;
				PRODUCT_NAME = "$(TARGET_NAME)";
				SWIFT_VERSION = 4.2;
				TARGETED_DEVICE_FAMILY = "1,2";
				TEST_HOST = "$(BUILT_PRODUCTS_DIR)/ToDoList.app/ToDoList";
			};
			name = Release;
		};
		9473ABFD223D2F64008F5F1E /* Debug */ = {
			isa = XCBuildConfiguration;
			buildSettings = {
				ALWAYS_EMBED_SWIFT_STANDARD_LIBRARIES = YES;
				CODE_SIGN_STYLE = Automatic;
				INFOPLIST_FILE = ToDoListUITests/Info.plist;
				LD_RUNPATH_SEARCH_PATHS = (
					"$(inherited)",
					"@executable_path/Frameworks",
					"@loader_path/Frameworks",
				);
				PRODUCT_BUNDLE_IDENTIFIER = hi.ToDoListUITests;
				PRODUCT_NAME = "$(TARGET_NAME)";
				SWIFT_VERSION = 4.2;
				TARGETED_DEVICE_FAMILY = "1,2";
				TEST_TARGET_NAME = ToDoList;
			};
			name = Debug;
		};
		9473ABFE223D2F64008F5F1E /* Release */ = {
			isa = XCBuildConfiguration;
			buildSettings = {
				ALWAYS_EMBED_SWIFT_STANDARD_LIBRARIES = YES;
				CODE_SIGN_STYLE = Automatic;
				INFOPLIST_FILE = ToDoListUITests/Info.plist;
				LD_RUNPATH_SEARCH_PATHS = (
					"$(inherited)",
					"@executable_path/Frameworks",
					"@loader_path/Frameworks",
				);
				PRODUCT_BUNDLE_IDENTIFIER = hi.ToDoListUITests;
				PRODUCT_NAME = "$(TARGET_NAME)";
				SWIFT_VERSION = 4.2;
				TARGETED_DEVICE_FAMILY = "1,2";
				TEST_TARGET_NAME = ToDoList;
			};
			name = Release;
		};
/* End XCBuildConfiguration section */

/* Begin XCConfigurationList section */
		9473ABC9223D2F5C008F5F1E /* Build configuration list for PBXProject "ToDoList" */ = {
			isa = XCConfigurationList;
			buildConfigurations = (
				9473ABF4223D2F64008F5F1E /* Debug */,
				9473ABF5223D2F64008F5F1E /* Release */,
			);
			defaultConfigurationIsVisible = 0;
			defaultConfigurationName = Release;
		};
		9473ABF6223D2F64008F5F1E /* Build configuration list for PBXNativeTarget "ToDoList" */ = {
			isa = XCConfigurationList;
			buildConfigurations = (
				9473ABF7223D2F64008F5F1E /* Debug */,
				9473ABF8223D2F64008F5F1E /* Release */,
			);
			defaultConfigurationIsVisible = 0;
			defaultConfigurationName = Release;
		};
		9473ABF9223D2F64008F5F1E /* Build configuration list for PBXNativeTarget "ToDoListTests" */ = {
			isa = XCConfigurationList;
			buildConfigurations = (
				9473ABFA223D2F64008F5F1E /* Debug */,
				9473ABFB223D2F64008F5F1E /* Release */,
			);
			defaultConfigurationIsVisible = 0;
			defaultConfigurationName = Release;
		};
		9473ABFC223D2F64008F5F1E /* Build configuration list for PBXNativeTarget "ToDoListUITests" */ = {
			isa = XCConfigurationList;
			buildConfigurations = (
				9473ABFD223D2F64008F5F1E /* Debug */,
				9473ABFE223D2F64008F5F1E /* Release */,
			);
			defaultConfigurationIsVisible = 0;
			defaultConfigurationName = Release;
		};
/* End XCConfigurationList section */
	};
	rootObject = 9473ABC6223D2F5C008F5F1E /* Project object */;
}
